PODS:
  - Aftermath (0.1.0)
  - AftermathCompass (0.1.0):
    - Aftermath
    - Compass
  - AftermathSpots (0.1.0):
    - Aftermath
    - Spots
  - Brick (0.9.2):
    - Sugar (~> 1.0)
    - Tailor
  - Cache (1.5.1):
    - CryptoSwift
  - Cartography (0.6.0)
  - Compass (3.0.0)
  - CryptoSwift (0.5.2)
  - Fashion (1.1.0):
    - Sugar
  - Hue (1.3.0)
  - Imaginary (0.1.0):
    - Cache
  - Malibu (1.0.2):
    - When
  - Spots (3.0.0):
    - Brick
    - Cache
    - Sugar
    - Tailor
  - Sugar (1.2.0)
  - Tailor (1.2.3):
    - Sugar
  - When (1.0.4)

DEPENDENCIES:
  - Aftermath (from `https://github.com/hyperoslo/Aftermath`)
  - AftermathCompass (from `https://github.com/hyperoslo/AftermathCompass`)
  - AftermathSpots (from `../../`)
  - Cache (from `https://github.com/hyperoslo/Cache`)
  - Cartography
  - Fashion
  - Hue
  - Imaginary (from `https://github.com/hyperoslo/Imaginary`)
  - Malibu
  - Spots (from `https://github.com/hyperoslo/Spots`)

EXTERNAL SOURCES:
  Aftermath:
    :git: https://github.com/hyperoslo/Aftermath
  AftermathCompass:
    :git: https://github.com/hyperoslo/AftermathCompass
  AftermathSpots:
    :path: "../../"
  Cache:
    :git: https://github.com/hyperoslo/Cache
  Imaginary:
    :git: https://github.com/hyperoslo/Imaginary
  Spots:
    :git: https://github.com/hyperoslo/Spots

CHECKOUT OPTIONS:
  Aftermath:
    :commit: e1c74a8273776e0af5c6631b5c69fa07aebaa47a
    :git: https://github.com/hyperoslo/Aftermath
  AftermathCompass:
    :commit: a2047885caf3b1c8d141ca135c031854e825b53d
    :git: https://github.com/hyperoslo/AftermathCompass
  Cache:
    :commit: cff7ea060664c856ec76f3345cf1e541b5dc0e18
    :git: https://github.com/hyperoslo/Cache
  Imaginary:
    :commit: e111dcfcd5a67e6d52febc48c5ebfb9090f77af5
    :git: https://github.com/hyperoslo/Imaginary
  Spots:
    :commit: dd11ee070757d9c56395ea771485b7b13a842cab
    :git: https://github.com/hyperoslo/Spots

SPEC CHECKSUMS:
  Aftermath: 35b56efd265a793884716f987ecfa57e5ca09877
  AftermathCompass: 7550d15924a3644574e684a3f7e53d18ada38b93
  AftermathSpots: c456720a9e47f5100cd86d3eef6602417aba766f
  Brick: 3f8e7cc35571219b9022382d19202dd5396c3a2c
  Cache: 87b48b059429d3b53238533830c53941f8aa85f0
  Cartography: 70af183a248547694a8cfaa6b989cb7e04589985
  Compass: 5bb05fc2b873e9d5b1efda5752649b6a0a993843
  CryptoSwift: c1ef79f901b86099a6fe8b3c7524cf9f3f3c8c40
  Fashion: 82f2bb05505e3aea0977a2c23f5d8692e06f12a9
  Hue: b4d7f4923dd16237f9cbc1783c3c81438b4391f4
  Imaginary: 62a9ce1e6d7831ede429c8221a183f03ec2a90bc
  Malibu: 49454a9ce422ad8e230f4699a43d88264a4d7e06
  Spots: 751e8951f6fe34389a3b650fb36083b59368d83e
  Sugar: 556b623f0f8846cf08de7302701892f11d567419
  Tailor: 14b613fc76a4e7878e4a03dff793ecc650ac9c4e
  When: 033104df132ebfa75f4d3a9ba3e7a9865a573a1c

PODFILE CHECKSUM: 3a77f66848e671abe3e498115081d7a891dcdc1d

COCOAPODS: 1.0.1
